
Microsoft Visual Studio Solution File, Format Version 12.00
# Visual Studio Version 16
VisualStudioVersion = 16.0.30413.136
MinimumVisualStudioVersion = 10.0.40219.1
Project("{FAE04EC0-301F-11D3-BF4B-00C04F79EFBC}") = "MediaOrganizer", "MediaOrganizer\MediaOrganizer.csproj", "{88AA24AB-C292-4F27-89B6-3BEC2F7012BB}"
EndProject
Global
	GlobalSection(SolutionConfigurationPlatforms) = preSolution
		Debug|Any CPU = Debug|Any CPU
		Release|Any CPU = Release|Any CPU
	EndGlobalSection
	GlobalSection(ProjectConfigurationPlatforms) = postSolution
		{88AA24AB-C292-4F27-89B6-3BEC2F7012BB}.Debug|Any CPU.ActiveCfg = Debug|Any CPU
		{88AA24AB-C292-4F27-89B6-3BEC2F7012BB}.Debug|Any CPU.Build.0 = Debug|Any CPU
		{88AA24AB-C292-4F27-89B6-3BEC2F7012BB}.Release|Any CPU.ActiveCfg = Release|Any CPU
		{88AA24AB-C292-4F27-89B6-3BEC2F7012BB}.Release|Any CPU.Build.0 = Release|Any CPU
	EndGlobalSection
	GlobalSection(SolutionProperties) = preSolution
		HideSolutionNode = FALSE
	EndGlobalSection
	GlobalSection(ExtensibilityGlobals) = postSolution
		SolutionGuid = {DCA4D8BB-5B5B-44CD-8C94-7DAB10BD21F7}
	EndGlobalSection
EndGlobal
